{
  "version": 4,
  "terraform_version": "1.12.2",
  "serial": 137,
  "lineage": "23ab1c82-a436-919a-543c-f839f526cf5b",
  "outputs": {
    "cloud_run_url": {
      "value": "https://dev-user-service-m4gpgee26a-uc.a.run.app",
      "type": "string"
    },
    "project_id": {
      "value": "durable-destiny-465315-u0",
      "type": "string"
    },
    "project_number": {
      "value": "734287723802",
      "type": "string"
    }
  },
  "resources": [
    {
      "mode": "data",
      "type": "google_project",
      "name": "project",
      "provider": "provider[\"registry.terraform.io/hashicorp/google\"]",
      "instances": [
        {
          "schema_version": 0,
          "attributes": {
            "auto_create_network": null,
            "billing_account": null,
            "folder_id": null,
            "id": "projects/durable-destiny-465315-u0",
            "labels": {},
            "name": "My First Project",
            "number": "734287723802",
            "org_id": null,
            "project_id": "durable-destiny-465315-u0",
            "skip_delete": null
          },
          "sensitive_attributes": [],
          "identity_schema_version": 0
        }
      ]
    },
    {
      "mode": "managed",
      "type": "random_id",
      "name": "suffix",
      "provider": "provider[\"registry.terraform.io/hashicorp/random\"]",
      "instances": [
        {
          "schema_version": 0,
          "attributes": {
            "b64_std": "alFNPg==",
            "b64_url": "alFNPg",
            "byte_length": 4,
            "dec": "1783713086",
            "hex": "6a514d3e",
            "id": "alFNPg",
            "keepers": null,
            "prefix": null
          },
          "sensitive_attributes": [],
          "identity_schema_version": 0
        }
      ]
    },
    {
      "module": "module.cloudrun_app",
      "mode": "managed",
      "type": "google_cloud_run_service",
      "name": "default",
      "provider": "provider[\"registry.terraform.io/hashicorp/google\"]",
      "instances": [
        {
          "schema_version": 1,
          "attributes": {
            "autogenerate_revision_name": false,
            "id": "locations/us-central1/namespaces/durable-destiny-465315-u0/services/dev-user-service",
            "location": "us-central1",
            "metadata": [
              {
                "annotations": {
                  "run.googleapis.com/ingress": "all",
                  "run.googleapis.com/ingress-status": "all",
                  "run.googleapis.com/operation-id": "09ce2972-cc79-4207-bf14-523badf11c65",
                  "run.googleapis.com/urls": "[\"https://dev-user-service-734287723802.us-central1.run.app\",\"https://dev-user-service-m4gpgee26a-uc.a.run.app\"]",
                  "serving.knative.dev/creator": "terraform-service-account@durable-destiny-465315-u0.iam.gserviceaccount.com",
                  "serving.knative.dev/lastModifier": "terraform-service-account@durable-destiny-465315-u0.iam.gserviceaccount.com"
                },
                "generation": 1,
                "labels": {
                  "cloud.googleapis.com/location": "us-central1",
                  "service": "user-api",
                  "team": "devops"
                },
                "namespace": "durable-destiny-465315-u0",
                "resource_version": "AAY6axedEyk",
                "self_link": "/apis/serving.knative.dev/v1/namespaces/734287723802/services/dev-user-service",
                "uid": "571f31ef-42a3-4e32-8aa0-8820ff56c910"
              }
            ],
            "name": "dev-user-service",
            "project": "durable-destiny-465315-u0",
            "status": [
              {
                "conditions": [
                  {
                    "message": "",
                    "reason": "",
                    "status": "True",
                    "type": "Ready"
                  },
                  {
                    "message": "",
                    "reason": "",
                    "status": "True",
                    "type": "ConfigurationsReady"
                  },
                  {
                    "message": "",
                    "reason": "",
                    "status": "True",
                    "type": "RoutesReady"
                  }
                ],
                "latest_created_revision_name": "dev-user-service-00001-czm",
                "latest_ready_revision_name": "dev-user-service-00001-czm",
                "observed_generation": 1,
                "traffic": [
                  {
                    "latest_revision": true,
                    "percent": 100,
                    "revision_name": "dev-user-service-00001-czm",
                    "tag": "",
                    "url": ""
                  }
                ],
                "url": "https://dev-user-service-m4gpgee26a-uc.a.run.app"
              }
            ],
            "template": [
              {
                "metadata": [
                  {
                    "annotations": {
                      "autoscaling.knative.dev/maxScale": "3"
                    },
                    "generation": 0,
                    "labels": {
                      "run.googleapis.com/startupProbeType": "Default"
                    },
                    "name": "",
                    "namespace": "",
                    "resource_version": "",
                    "self_link": "",
                    "uid": ""
                  }
                ],
                "spec": [
                  {
                    "container_concurrency": 160,
                    "containers": [
                      {
                        "args": [],
                        "command": [],
                        "env": [
                          {
                            "name": "API_KEY",
                            "value": "123456",
                            "value_from": []
                          },
                          {
                            "name": "ENV",
                            "value": "dev",
                            "value_from": []
                          }
                        ],
                        "env_from": [],
                        "image": "docker.io/shahdsamir19/team-avail-test:latest",
                        "liveness_probe": [],
                        "name": "",
                        "ports": [
                          {
                            "container_port": 3000,
                            "name": "http1",
                            "protocol": ""
                          }
                        ],
                        "resources": [
                          {
                            "limits": {
                              "cpu": "2",
                              "memory": "1Gi"
                            },
                            "requests": {}
                          }
                        ],
                        "startup_probe": [
                          {
                            "failure_threshold": 1,
                            "grpc": [],
                            "http_get": [],
                            "initial_delay_seconds": 0,
                            "period_seconds": 240,
                            "tcp_socket": [
                              {
                                "port": 3000
                              }
                            ],
                            "timeout_seconds": 240
                          }
                        ],
                        "volume_mounts": [],
                        "working_dir": ""
                      }
                    ],
                    "service_account_name": "734287723802-compute@developer.gserviceaccount.com",
                    "serving_state": "",
                    "timeout_seconds": 300,
                    "volumes": []
                  }
                ]
              }
            ],
            "timeouts": null,
            "traffic": [
              {
                "latest_revision": true,
                "percent": 100,
                "revision_name": "",
                "tag": "",
                "url": ""
              }
            ]
          },
          "sensitive_attributes": [],
          "identity_schema_version": 0,
          "private": "eyJlMmJmYjczMC1lY2FhLTExZTYtOGY4OC0zNDM2M2JjN2M0YzAiOnsiY3JlYXRlIjoxMjAwMDAwMDAwMDAwLCJkZWxldGUiOjEyMDAwMDAwMDAwMDAsInVwZGF0ZSI6MTIwMDAwMDAwMDAwMH0sInNjaGVtYV92ZXJzaW9uIjoiMSJ9"
        }
      ]
    },
    {
      "module": "module.cloudrun_app",
      "mode": "managed",
      "type": "google_cloud_run_service_iam_member",
      "name": "invoker",
      "provider": "provider[\"registry.terraform.io/hashicorp/google\"]",
      "instances": [
        {
          "index_key": 0,
          "schema_version": 0,
          "attributes": {
            "condition": [],
            "etag": "BwY6axgORQM=",
            "id": "v1/projects/durable-destiny-465315-u0/locations/us-central1/services/dev-user-service/roles/run.invoker/allUsers",
            "location": "us-central1",
            "member": "allUsers",
            "project": "durable-destiny-465315-u0",
            "role": "roles/run.invoker",
            "service": "v1/projects/durable-destiny-465315-u0/locations/us-central1/services/dev-user-service"
          },
          "sensitive_attributes": [],
          "identity_schema_version": 0,
          "private": "bnVsbA==",
          "dependencies": [
            "module.cloudrun_app.google_cloud_run_service.default"
          ]
        }
      ]
    },
    {
      "module": "module.compute",
      "mode": "data",
      "type": "google_compute_image",
      "name": "vm_image",
      "provider": "provider[\"registry.terraform.io/hashicorp/google\"]",
      "instances": [
        {
          "schema_version": 0,
          "attributes": {
            "archive_size_bytes": 2207619840,
            "creation_timestamp": "2025-07-09T15:26:49.327-07:00",
            "description": "Debian, Debian GNU/Linux, 11 (bullseye), amd64 built on 20250709",
            "disk_size_gb": 10,
            "family": "debian-11",
            "filter": null,
            "id": "projects/debian-cloud/global/images/debian-11-bullseye-v20250709",
            "image_encryption_key_sha256": "",
            "image_id": "3905260301842600519",
            "label_fingerprint": "iNBmVNCFF9w=",
            "labels": {
              "public-image": "true"
            },
            "licenses": [
              "https://www.googleapis.com/compute/v1/projects/debian-cloud/global/licenses/debian-11-bullseye"
            ],
            "most_recent": false,
            "name": "debian-11-bullseye-v20250709",
            "project": "debian-cloud",
            "self_link": "https://www.googleapis.com/compute/v1/projects/debian-cloud/global/images/debian-11-bullseye-v20250709",
            "source_disk": "",
            "source_disk_encryption_key_sha256": "",
            "source_disk_id": "",
            "source_image_id": "",
            "status": "READY"
          },
          "sensitive_attributes": [],
          "identity_schema_version": 0
        }
      ]
    },
    {
      "module": "module.compute",
      "mode": "managed",
      "type": "google_compute_autoscaler",
      "name": "mig_autoscaler",
      "provider": "provider[\"registry.terraform.io/hashicorp/google\"]",
      "instances": [
        {
          "index_key": 0,
          "schema_version": 0,
          "attributes": {
            "autoscaling_policy": [
              {
                "cooldown_period": 60,
                "cpu_utilization": [
                  {
                    "predictive_method": "NONE",
                    "target": 0.6
                  }
                ],
                "load_balancing_utilization": [],
                "max_replicas": 3,
                "metric": [],
                "min_replicas": 2,
                "mode": "ON",
                "scale_in_control": [],
                "scaling_schedules": []
              }
            ],
            "creation_timestamp": "2025-07-20T23:37:15.517-07:00",
            "description": "",
            "id": "projects/durable-destiny-465315-u0/zones/us-central1-a/autoscalers/terraform-gcp-dev-mig-autoscaler",
            "name": "terraform-gcp-dev-mig-autoscaler",
            "project": "durable-destiny-465315-u0",
            "self_link": "https://www.googleapis.com/compute/v1/projects/durable-destiny-465315-u0/zones/us-central1-a/autoscalers/terraform-gcp-dev-mig-autoscaler",
            "target": "https://www.googleapis.com/compute/v1/projects/durable-destiny-465315-u0/zones/us-central1-a/instanceGroupManagers/terraform-gcp-dev-mig",
            "timeouts": null,
            "zone": "https://www.googleapis.com/compute/v1/projects/durable-destiny-465315-u0/zones/us-central1-a"
          },
          "sensitive_attributes": [],
          "identity_schema_version": 0,
          "private": "eyJlMmJmYjczMC1lY2FhLTExZTYtOGY4OC0zNDM2M2JjN2M0YzAiOnsiY3JlYXRlIjoxMjAwMDAwMDAwMDAwLCJkZWxldGUiOjEyMDAwMDAwMDAwMDAsInVwZGF0ZSI6MTIwMDAwMDAwMDAwMH19",
          "dependencies": [
            "module.compute.data.google_compute_image.vm_image",
            "module.compute.google_compute_health_check.mig_health_check",
            "module.compute.google_compute_instance_group_manager.mig",
            "module.compute.google_compute_instance_template.template",
            "module.compute.google_service_account.compute_sa",
            "module.networking.google_compute_address.nat_ips",
            "module.networking.google_compute_network.vpc",
            "module.networking.google_compute_router.router",
            "module.networking.google_compute_router_nat.nat",
            "module.networking.google_compute_subnetwork.subnets",
            "module.networking.google_project_service.compute"
          ]
        }
      ]
    },
    {
      "module": "module.compute",
      "mode": "managed",
      "type": "google_compute_health_check",
      "name": "mig_health_check",
      "provider": "provider[\"registry.terraform.io/hashicorp/google\"]",
      "instances": [
        {
          "schema_version": 0,
          "attributes": {
            "check_interval_sec": 30,
            "creation_timestamp": "2025-07-20T23:36:06.104-07:00",
            "description": "",
            "grpc_health_check": [],
            "healthy_threshold": 2,
            "http2_health_check": [],
            "http_health_check": [
              {
                "host": "",
                "port": 80,
                "port_name": "",
                "port_specification": "",
                "proxy_header": "NONE",
                "request_path": "/",
                "response": ""
              }
            ],
            "https_health_check": [],
            "id": "projects/durable-destiny-465315-u0/global/healthChecks/terraform-gcp-dev-mig-health-check",
            "log_config": [
              {
                "enable": false
              }
            ],
            "name": "terraform-gcp-dev-mig-health-check",
            "project": "durable-destiny-465315-u0",
            "self_link": "https://www.googleapis.com/compute/v1/projects/durable-destiny-465315-u0/global/healthChecks/terraform-gcp-dev-mig-health-check",
            "ssl_health_check": [],
            "tcp_health_check": [],
            "timeout_sec": 10,
            "timeouts": null,
            "type": "HTTP",
            "unhealthy_threshold": 2
          },
          "sensitive_attributes": [],
          "identity_schema_version": 0,
          "private": "eyJlMmJmYjczMC1lY2FhLTExZTYtOGY4OC0zNDM2M2JjN2M0YzAiOnsiY3JlYXRlIjoxMjAwMDAwMDAwMDAwLCJkZWxldGUiOjEyMDAwMDAwMDAwMDAsInVwZGF0ZSI6MTIwMDAwMDAwMDAwMH19",
          "dependencies": [
            "module.networking.google_compute_address.nat_ips",
            "module.networking.google_compute_network.vpc",
            "module.networking.google_compute_router.router",
            "module.networking.google_compute_router_nat.nat",
            "module.networking.google_compute_subnetwork.subnets",
            "module.networking.google_project_service.compute"
          ]
        }
      ]
    },
    {
      "module": "module.compute",
      "mode": "managed",
      "type": "google_compute_instance",
      "name": "vm_instances",
      "provider": "provider[\"registry.terraform.io/hashicorp/google\"]",
      "instances": [
        {
          "index_key": 0,
          "schema_version": 6,
          "attributes": {
            "advanced_machine_features": [],
            "allow_stopping_for_update": null,
            "attached_disk": [],
            "boot_disk": [
              {
                "auto_delete": true,
                "device_name": "persistent-disk-0",
                "disk_encryption_key_raw": "",
                "disk_encryption_key_sha256": "",
                "initialize_params": [
                  {
                    "image": "https://www.googleapis.com/compute/v1/projects/debian-cloud/global/images/debian-11-bullseye-v20250709",
                    "labels": {},
                    "resource_manager_tags": {},
                    "size": 20,
                    "type": "pd-standard"
                  }
                ],
                "kms_key_self_link": "",
                "mode": "READ_WRITE",
                "source": "https://www.googleapis.com/compute/v1/projects/durable-destiny-465315-u0/zones/us-central1-a/disks/terraform-gcp-dev-vm-1"
              }
            ],
            "can_ip_forward": false,
            "confidential_instance_config": [],
            "cpu_platform": "Intel Broadwell",
            "current_status": "RUNNING",
            "deletion_protection": false,
            "description": "",
            "desired_status": null,
            "enable_display": false,
            "guest_accelerator": [],
            "hostname": "",
            "id": "projects/durable-destiny-465315-u0/zones/us-central1-a/instances/terraform-gcp-dev-vm-1",
            "instance_id": "793723127737639221",
            "label_fingerprint": "EmJpRdKlTFs=",
            "labels": {
              "created_by": "your-name",
              "environment": "dev",
              "managed_by": "terraform",
              "project": "durable-destiny-465315-u0"
            },
            "machine_type": "e2-medium",
            "metadata": {
              "created_by": "your-name",
              "environment": "dev",
              "managed_by": "terraform",
              "project": "durable-destiny-465315-u0",
              "ssh-keys": ""
            },
            "metadata_fingerprint": "SwIXX5qgf2s=",
            "metadata_startup_script": "    #!/bin/bash\n    apt-get update\n    apt-get install -y nginx\n    systemctl start nginx\n    systemctl enable nginx\n    \n    # Create a simple index page\n    cat \u003e /var/www/html/index.html \u003c\u003c 'HTML'\n    \u003c!DOCTYPE html\u003e\n    \u003chtml\u003e\n    \u003chead\u003e\n        \u003ctitle\u003eWelcome to dev\u003c/title\u003e\n    \u003c/head\u003e\n    \u003cbody\u003e\n        \u003ch1\u003eHello from dev environment!\u003c/h1\u003e\n        \u003cp\u003eInstance: $(hostname)\u003c/p\u003e\n        \u003cp\u003eZone: $(curl -H \"Metadata-Flavor: Google\" http://metadata.google.internal/computeMetadata/v1/instance/zone | cut -d/ -f4)\u003c/p\u003e\n    \u003c/body\u003e\n    \u003c/html\u003e\nHTML\n    \n    systemctl restart nginx\n",
            "min_cpu_platform": "",
            "name": "terraform-gcp-dev-vm-1",
            "network_interface": [
              {
                "access_config": [
                  {
                    "nat_ip": "34.171.23.54",
                    "network_tier": "PREMIUM",
                    "public_ptr_domain_name": ""
                  }
                ],
                "alias_ip_range": [],
                "internal_ipv6_prefix_length": 0,
                "ipv6_access_config": [],
                "ipv6_access_type": "",
                "ipv6_address": "",
                "name": "nic0",
                "network": "https://www.googleapis.com/compute/v1/projects/durable-destiny-465315-u0/global/networks/terraform-gcp-dev-vpc",
                "network_ip": "10.0.1.2",
                "nic_type": "",
                "queue_count": 0,
                "stack_type": "IPV4_ONLY",
                "subnetwork": "https://www.googleapis.com/compute/v1/projects/durable-destiny-465315-u0/regions/us-central1/subnetworks/terraform-gcp-dev-subnet-main",
                "subnetwork_project": "durable-destiny-465315-u0"
              }
            ],
            "network_performance_config": [],
            "params": [],
            "project": "durable-destiny-465315-u0",
            "reservation_affinity": [],
            "resource_policies": [],
            "scheduling": [
              {
                "automatic_restart": true,
                "instance_termination_action": "",
                "local_ssd_recovery_timeout": [],
                "min_node_cpus": 0,
                "node_affinities": [],
                "on_host_maintenance": "MIGRATE",
                "preemptible": false,
                "provisioning_model": "STANDARD"
              }
            ],
            "scratch_disk": [],
            "self_link": "https://www.googleapis.com/compute/v1/projects/durable-destiny-465315-u0/zones/us-central1-a/instances/terraform-gcp-dev-vm-1",
            "service_account": [
              {
                "email": "terraform-gcp-dev-compute-sa@durable-destiny-465315-u0.iam.gserviceaccount.com",
                "scopes": [
                  "https://www.googleapis.com/auth/cloud-platform"
                ]
              }
            ],
            "shielded_instance_config": [
              {
                "enable_integrity_monitoring": true,
                "enable_secure_boot": false,
                "enable_vtpm": true
              }
            ],
            "tags": [
              "ssh-allowed",
              "vm-instance",
              "web-server"
            ],
            "tags_fingerprint": "gBSqFq1RZf8=",
            "timeouts": null,
            "zone": "us-central1-a"
          },
          "sensitive_attributes": [
            [
              {
                "type": "get_attr",
                "value": "boot_disk"
              },
              {
                "type": "index",
                "value": {
                  "value": 0,
                  "type": "number"
                }
              },
              {
                "type": "get_attr",
                "value": "disk_encryption_key_raw"
              }
            ]
          ],
          "identity_schema_version": 0,
          "private": "eyJlMmJmYjczMC1lY2FhLTExZTYtOGY4OC0zNDM2M2JjN2M0YzAiOnsiY3JlYXRlIjoxMjAwMDAwMDAwMDAwLCJkZWxldGUiOjEyMDAwMDAwMDAwMDAsInVwZGF0ZSI6MTIwMDAwMDAwMDAwMH0sInNjaGVtYV92ZXJzaW9uIjoiNiJ9",
          "dependencies": [
            "module.compute.data.google_compute_image.vm_image",
            "module.compute.google_service_account.compute_sa",
            "module.networking.google_compute_address.nat_ips",
            "module.networking.google_compute_network.vpc",
            "module.networking.google_compute_router.router",
            "module.networking.google_compute_router_nat.nat",
            "module.networking.google_compute_subnetwork.subnets",
            "module.networking.google_project_service.compute"
          ],
          "create_before_destroy": true
        },
        {
          "index_key": 1,
          "schema_version": 6,
          "attributes": {
            "advanced_machine_features": [],
            "allow_stopping_for_update": null,
            "attached_disk": [],
            "boot_disk": [
              {
                "auto_delete": true,
                "device_name": "persistent-disk-0",
                "disk_encryption_key_raw": "",
                "disk_encryption_key_sha256": "",
                "initialize_params": [
                  {
                    "image": "https://www.googleapis.com/compute/v1/projects/debian-cloud/global/images/debian-11-bullseye-v20250709",
                    "labels": {},
                    "resource_manager_tags": {},
                    "size": 20,
                    "type": "pd-standard"
                  }
                ],
                "kms_key_self_link": "",
                "mode": "READ_WRITE",
                "source": "https://www.googleapis.com/compute/v1/projects/durable-destiny-465315-u0/zones/us-central1-a/disks/terraform-gcp-dev-vm-2"
              }
            ],
            "can_ip_forward": false,
            "confidential_instance_config": [],
            "cpu_platform": "Intel Broadwell",
            "current_status": "RUNNING",
            "deletion_protection": false,
            "description": "",
            "desired_status": null,
            "enable_display": false,
            "guest_accelerator": [],
            "hostname": "",
            "id": "projects/durable-destiny-465315-u0/zones/us-central1-a/instances/terraform-gcp-dev-vm-2",
            "instance_id": "974337411751371061",
            "label_fingerprint": "EmJpRdKlTFs=",
            "labels": {
              "created_by": "your-name",
              "environment": "dev",
              "managed_by": "terraform",
              "project": "durable-destiny-465315-u0"
            },
            "machine_type": "e2-medium",
            "metadata": {
              "created_by": "your-name",
              "environment": "dev",
              "managed_by": "terraform",
              "project": "durable-destiny-465315-u0",
              "ssh-keys": ""
            },
            "metadata_fingerprint": "SwIXX5qgf2s=",
            "metadata_startup_script": "    #!/bin/bash\n    apt-get update\n    apt-get install -y nginx\n    systemctl start nginx\n    systemctl enable nginx\n    \n    # Create a simple index page\n    cat \u003e /var/www/html/index.html \u003c\u003c 'HTML'\n    \u003c!DOCTYPE html\u003e\n    \u003chtml\u003e\n    \u003chead\u003e\n        \u003ctitle\u003eWelcome to dev\u003c/title\u003e\n    \u003c/head\u003e\n    \u003cbody\u003e\n        \u003ch1\u003eHello from dev environment!\u003c/h1\u003e\n        \u003cp\u003eInstance: $(hostname)\u003c/p\u003e\n        \u003cp\u003eZone: $(curl -H \"Metadata-Flavor: Google\" http://metadata.google.internal/computeMetadata/v1/instance/zone | cut -d/ -f4)\u003c/p\u003e\n    \u003c/body\u003e\n    \u003c/html\u003e\nHTML\n    \n    systemctl restart nginx\n",
            "min_cpu_platform": "",
            "name": "terraform-gcp-dev-vm-2",
            "network_interface": [
              {
                "access_config": [
                  {
                    "nat_ip": "34.30.200.228",
                    "network_tier": "PREMIUM",
                    "public_ptr_domain_name": ""
                  }
                ],
                "alias_ip_range": [],
                "internal_ipv6_prefix_length": 0,
                "ipv6_access_config": [],
                "ipv6_access_type": "",
                "ipv6_address": "",
                "name": "nic0",
                "network": "https://www.googleapis.com/compute/v1/projects/durable-destiny-465315-u0/global/networks/terraform-gcp-dev-vpc",
                "network_ip": "10.0.1.3",
                "nic_type": "",
                "queue_count": 0,
                "stack_type": "IPV4_ONLY",
                "subnetwork": "https://www.googleapis.com/compute/v1/projects/durable-destiny-465315-u0/regions/us-central1/subnetworks/terraform-gcp-dev-subnet-main",
                "subnetwork_project": "durable-destiny-465315-u0"
              }
            ],
            "network_performance_config": [],
            "params": [],
            "project": "durable-destiny-465315-u0",
            "reservation_affinity": [],
            "resource_policies": [],
            "scheduling": [
              {
                "automatic_restart": true,
                "instance_termination_action": "",
                "local_ssd_recovery_timeout": [],
                "min_node_cpus": 0,
                "node_affinities": [],
                "on_host_maintenance": "MIGRATE",
                "preemptible": false,
                "provisioning_model": "STANDARD"
              }
            ],
            "scratch_disk": [],
            "self_link": "https://www.googleapis.com/compute/v1/projects/durable-destiny-465315-u0/zones/us-central1-a/instances/terraform-gcp-dev-vm-2",
            "service_account": [
              {
                "email": "terraform-gcp-dev-compute-sa@durable-destiny-465315-u0.iam.gserviceaccount.com",
                "scopes": [
                  "https://www.googleapis.com/auth/cloud-platform"
                ]
              }
            ],
            "shielded_instance_config": [
              {
                "enable_integrity_monitoring": true,
                "enable_secure_boot": false,
                "enable_vtpm": true
              }
            ],
            "tags": [
              "ssh-allowed",
              "vm-instance",
              "web-server"
            ],
            "tags_fingerprint": "gBSqFq1RZf8=",
            "timeouts": null,
            "zone": "us-central1-a"
          },
          "sensitive_attributes": [
            [
              {
                "type": "get_attr",
                "value": "boot_disk"
              },
              {
                "type": "index",
                "value": {
                  "value": 0,
                  "type": "number"
                }
              },
              {
                "type": "get_attr",
                "value": "disk_encryption_key_raw"
              }
            ]
          ],
          "identity_schema_version": 0,
          "private": "eyJlMmJmYjczMC1lY2FhLTExZTYtOGY4OC0zNDM2M2JjN2M0YzAiOnsiY3JlYXRlIjoxMjAwMDAwMDAwMDAwLCJkZWxldGUiOjEyMDAwMDAwMDAwMDAsInVwZGF0ZSI6MTIwMDAwMDAwMDAwMH0sInNjaGVtYV92ZXJzaW9uIjoiNiJ9",
          "dependencies": [
            "module.compute.data.google_compute_image.vm_image",
            "module.compute.google_service_account.compute_sa",
            "module.networking.google_compute_address.nat_ips",
            "module.networking.google_compute_network.vpc",
            "module.networking.google_compute_router.router",
            "module.networking.google_compute_router_nat.nat",
            "module.networking.google_compute_subnetwork.subnets",
            "module.networking.google_project_service.compute"
          ],
          "create_before_destroy": true
        }
      ]
    },
    {
      "module": "module.compute",
      "mode": "managed",
      "type": "google_compute_instance_group_manager",
      "name": "mig",
      "provider": "provider[\"registry.terraform.io/hashicorp/google\"]",
      "instances": [
        {
          "schema_version": 0,
          "attributes": {
            "auto_healing_policies": [
              {
                "health_check": "https://www.googleapis.com/compute/v1/projects/durable-destiny-465315-u0/global/healthChecks/terraform-gcp-dev-mig-health-check",
                "initial_delay_sec": 60
              }
            ],
            "base_instance_name": "terraform-gcp-dev-mig-instance",
            "description": "",
            "fingerprint": "sXPnISQ5104=",
            "id": "projects/durable-destiny-465315-u0/zones/us-central1-a/instanceGroupManagers/terraform-gcp-dev-mig",
            "instance_group": "https://www.googleapis.com/compute/v1/projects/durable-destiny-465315-u0/zones/us-central1-a/instanceGroups/terraform-gcp-dev-mig",
            "instance_lifecycle_policy": [
              {
                "force_update_on_repair": "NO"
              }
            ],
            "list_managed_instances_results": "PAGELESS",
            "name": "terraform-gcp-dev-mig",
            "named_port": [
              {
                "name": "http",
                "port": 80
              },
              {
                "name": "https",
                "port": 443
              }
            ],
            "operation": null,
            "project": "durable-destiny-465315-u0",
            "self_link": "https://www.googleapis.com/compute/v1/projects/durable-destiny-465315-u0/zones/us-central1-a/instanceGroupManagers/terraform-gcp-dev-mig",
            "stateful_disk": [],
            "status": [
              {
                "is_stable": false,
                "stateful": [
                  {
                    "has_stateful_config": false,
                    "per_instance_configs": [
                      {
                        "all_effective": true
                      }
                    ]
                  }
                ],
                "version_target": [
                  {
                    "is_reached": true
                  }
                ]
              }
            ],
            "target_pools": [],
            "target_size": 2,
            "timeouts": null,
            "update_policy": [
              {
                "max_surge_fixed": 1,
                "max_surge_percent": 0,
                "max_unavailable_fixed": 1,
                "max_unavailable_percent": 0,
                "minimal_action": "REPLACE",
                "most_disruptive_allowed_action": "",
                "replacement_method": "SUBSTITUTE",
                "type": "PROACTIVE"
              }
            ],
            "version": [
              {
                "instance_template": "https://www.googleapis.com/compute/v1/projects/durable-destiny-465315-u0/global/instanceTemplates/terraform-gcp-dev-template-20250721063609246200000001",
                "name": "",
                "target_size": []
              }
            ],
            "wait_for_instances": false,
            "wait_for_instances_status": "STABLE",
            "zone": "us-central1-a"
          },
          "sensitive_attributes": [],
          "identity_schema_version": 0,
          "private": "eyJlMmJmYjczMC1lY2FhLTExZTYtOGY4OC0zNDM2M2JjN2M0YzAiOnsiY3JlYXRlIjo5MDAwMDAwMDAwMDAsImRlbGV0ZSI6OTAwMDAwMDAwMDAwLCJ1cGRhdGUiOjkwMDAwMDAwMDAwMH19",
          "dependencies": [
            "module.compute.data.google_compute_image.vm_image",
            "module.compute.google_compute_health_check.mig_health_check",
            "module.compute.google_compute_instance_template.template",
            "module.compute.google_service_account.compute_sa",
            "module.networking.google_compute_address.nat_ips",
            "module.networking.google_compute_network.vpc",
            "module.networking.google_compute_router.router",
            "module.networking.google_compute_router_nat.nat",
            "module.networking.google_compute_subnetwork.subnets",
            "module.networking.google_project_service.compute"
          ]
        }
      ]
    },
    {
      "module": "module.compute",
      "mode": "managed",
      "type": "google_compute_instance_template",
      "name": "template",
      "provider": "provider[\"registry.terraform.io/hashicorp/google\"]",
      "instances": [
        {
          "schema_version": 1,
          "attributes": {
            "advanced_machine_features": [],
            "can_ip_forward": false,
            "confidential_instance_config": [],
            "description": "Instance template for dev environment",
            "disk": [
              {
                "auto_delete": true,
                "boot": true,
                "device_name": "persistent-disk-0",
                "disk_encryption_key": [],
                "disk_name": "",
                "disk_size_gb": 20,
                "disk_type": "pd-standard",
                "interface": "SCSI",
                "labels": {},
                "mode": "READ_WRITE",
                "provisioned_iops": 0,
                "resource_policies": [],
                "source": "",
                "source_image": "projects/debian-cloud/global/images/debian-11-bullseye-v20250709",
                "source_image_encryption_key": [],
                "source_snapshot": "",
                "source_snapshot_encryption_key": [],
                "type": "PERSISTENT"
              }
            ],
            "guest_accelerator": [],
            "id": "projects/durable-destiny-465315-u0/global/instanceTemplates/terraform-gcp-dev-template-20250721063609246200000001",
            "instance_description": "",
            "labels": {
              "created_by": "your-name",
              "environment": "dev",
              "managed_by": "terraform",
              "project": "durable-destiny-465315-u0"
            },
            "machine_type": "e2-medium",
            "metadata": {
              "created_by": "your-name",
              "environment": "dev",
              "managed_by": "terraform",
              "project": "durable-destiny-465315-u0",
              "ssh-keys": ""
            },
            "metadata_fingerprint": "SwIXX5qgf2s=",
            "metadata_startup_script": "    #!/bin/bash\n    apt-get update\n    apt-get install -y nginx\n    systemctl start nginx\n    systemctl enable nginx\n    \n    # Create a simple index page\n    cat \u003e /var/www/html/index.html \u003c\u003c 'HTML'\n    \u003c!DOCTYPE html\u003e\n    \u003chtml\u003e\n    \u003chead\u003e\n        \u003ctitle\u003eWelcome to dev\u003c/title\u003e\n    \u003c/head\u003e\n    \u003cbody\u003e\n        \u003ch1\u003eHello from dev environment!\u003c/h1\u003e\n        \u003cp\u003eInstance: $(hostname)\u003c/p\u003e\n        \u003cp\u003eZone: $(curl -H \"Metadata-Flavor: Google\" http://metadata.google.internal/computeMetadata/v1/instance/zone | cut -d/ -f4)\u003c/p\u003e\n    \u003c/body\u003e\n    \u003c/html\u003e\nHTML\n    \n    systemctl restart nginx\n",
            "min_cpu_platform": "",
            "name": "terraform-gcp-dev-template-20250721063609246200000001",
            "name_prefix": "terraform-gcp-dev-template-",
            "network_interface": [
              {
                "access_config": [],
                "alias_ip_range": [],
                "internal_ipv6_prefix_length": 0,
                "ipv6_access_config": [],
                "ipv6_access_type": "",
                "ipv6_address": "",
                "name": "nic0",
                "network": "https://www.googleapis.com/compute/v1/projects/durable-destiny-465315-u0/global/networks/terraform-gcp-dev-vpc",
                "network_ip": "",
                "nic_type": "",
                "queue_count": 0,
                "stack_type": "",
                "subnetwork": "https://www.googleapis.com/compute/v1/projects/durable-destiny-465315-u0/regions/us-central1/subnetworks/terraform-gcp-dev-subnet-main",
                "subnetwork_project": "durable-destiny-465315-u0"
              }
            ],
            "network_performance_config": [],
            "project": "durable-destiny-465315-u0",
            "region": "us-central1",
            "reservation_affinity": [],
            "resource_policies": null,
            "scheduling": [
              {
                "automatic_restart": true,
                "instance_termination_action": "",
                "local_ssd_recovery_timeout": [],
                "min_node_cpus": 0,
                "node_affinities": [],
                "on_host_maintenance": "MIGRATE",
                "preemptible": false,
                "provisioning_model": "STANDARD"
              }
            ],
            "self_link": "https://www.googleapis.com/compute/v1/projects/durable-destiny-465315-u0/global/instanceTemplates/terraform-gcp-dev-template-20250721063609246200000001",
            "self_link_unique": "https://www.googleapis.com/compute/v1/projects/durable-destiny-465315-u0/global/instanceTemplates/terraform-gcp-dev-template-20250721063609246200000001?uniqueId=4000015569680097590",
            "service_account": [
              {
                "email": "terraform-gcp-dev-compute-sa@durable-destiny-465315-u0.iam.gserviceaccount.com",
                "scopes": [
                  "https://www.googleapis.com/auth/cloud-platform"
                ]
              }
            ],
            "shielded_instance_config": [],
            "tags": [
              "ssh-allowed",
              "template-instance",
              "web-server"
            ],
            "tags_fingerprint": "",
            "timeouts": null
          },
          "sensitive_attributes": [],
          "identity_schema_version": 0,
          "private": "eyJlMmJmYjczMC1lY2FhLTExZTYtOGY4OC0zNDM2M2JjN2M0YzAiOnsiY3JlYXRlIjoyNDAwMDAwMDAwMDAsImRlbGV0ZSI6MjQwMDAwMDAwMDAwfSwic2NoZW1hX3ZlcnNpb24iOiIxIn0=",
          "dependencies": [
            "module.compute.data.google_compute_image.vm_image",
            "module.compute.google_service_account.compute_sa",
            "module.networking.google_compute_address.nat_ips",
            "module.networking.google_compute_network.vpc",
            "module.networking.google_compute_router.router",
            "module.networking.google_compute_router_nat.nat",
            "module.networking.google_compute_subnetwork.subnets",
            "module.networking.google_project_service.compute"
          ],
          "create_before_destroy": true
        }
      ]
    },
    {
      "module": "module.compute",
      "mode": "managed",
      "type": "google_project_iam_member",
      "name": "compute_sa_roles",
      "provider": "provider[\"registry.terraform.io/hashicorp/google\"]",
      "instances": [
        {
          "index_key": "roles/logging.logWriter",
          "schema_version": 0,
          "attributes": {
            "condition": [],
            "etag": "BwY6arEyFjk=",
            "id": "durable-destiny-465315-u0/roles/logging.logWriter/serviceAccount:terraform-gcp-dev-compute-sa@durable-destiny-465315-u0.iam.gserviceaccount.com",
            "member": "serviceAccount:terraform-gcp-dev-compute-sa@durable-destiny-465315-u0.iam.gserviceaccount.com",
            "project": "durable-destiny-465315-u0",
            "role": "roles/logging.logWriter"
          },
          "sensitive_attributes": [],
          "identity_schema_version": 0,
          "private": "bnVsbA==",
          "dependencies": [
            "module.compute.google_service_account.compute_sa",
            "module.networking.google_compute_address.nat_ips",
            "module.networking.google_compute_network.vpc",
            "module.networking.google_compute_router.router",
            "module.networking.google_compute_router_nat.nat",
            "module.networking.google_compute_subnetwork.subnets",
            "module.networking.google_project_service.compute"
          ]
        },
        {
          "index_key": "roles/monitoring.editor",
          "schema_version": 0,
          "attributes": {
            "condition": [],
            "etag": "BwY6arEyFjk=",
            "id": "durable-destiny-465315-u0/roles/monitoring.editor/serviceAccount:terraform-gcp-dev-compute-sa@durable-destiny-465315-u0.iam.gserviceaccount.com",
            "member": "serviceAccount:terraform-gcp-dev-compute-sa@durable-destiny-465315-u0.iam.gserviceaccount.com",
            "project": "durable-destiny-465315-u0",
            "role": "roles/monitoring.editor"
          },
          "sensitive_attributes": [],
          "identity_schema_version": 0,
          "private": "bnVsbA==",
          "dependencies": [
            "module.compute.google_service_account.compute_sa",
            "module.networking.google_compute_address.nat_ips",
            "module.networking.google_compute_network.vpc",
            "module.networking.google_compute_router.router",
            "module.networking.google_compute_router_nat.nat",
            "module.networking.google_compute_subnetwork.subnets",
            "module.networking.google_project_service.compute"
          ]
        },
        {
          "index_key": "roles/monitoring.metricWriter",
          "schema_version": 0,
          "attributes": {
            "condition": [],
            "etag": "BwY6arEyFjk=",
            "id": "durable-destiny-465315-u0/roles/monitoring.metricWriter/serviceAccount:terraform-gcp-dev-compute-sa@durable-destiny-465315-u0.iam.gserviceaccount.com",
            "member": "serviceAccount:terraform-gcp-dev-compute-sa@durable-destiny-465315-u0.iam.gserviceaccount.com",
            "project": "durable-destiny-465315-u0",
            "role": "roles/monitoring.metricWriter"
          },
          "sensitive_attributes": [],
          "identity_schema_version": 0,
          "private": "bnVsbA==",
          "dependencies": [
            "module.compute.google_service_account.compute_sa",
            "module.networking.google_compute_address.nat_ips",
            "module.networking.google_compute_network.vpc",
            "module.networking.google_compute_router.router",
            "module.networking.google_compute_router_nat.nat",
            "module.networking.google_compute_subnetwork.subnets",
            "module.networking.google_project_service.compute"
          ]
        }
      ]
    },
    {
      "module": "module.compute",
      "mode": "managed",
      "type": "google_service_account",
      "name": "compute_sa",
      "provider": "provider[\"registry.terraform.io/hashicorp/google\"]",
      "instances": [
        {
          "schema_version": 0,
          "attributes": {
            "account_id": "terraform-gcp-dev-compute-sa",
            "description": "Service account used by compute instances",
            "disabled": false,
            "display_name": "Service Account for Compute Instances",
            "email": "terraform-gcp-dev-compute-sa@durable-destiny-465315-u0.iam.gserviceaccount.com",
            "id": "projects/durable-destiny-465315-u0/serviceAccounts/terraform-gcp-dev-compute-sa@durable-destiny-465315-u0.iam.gserviceaccount.com",
            "member": "serviceAccount:terraform-gcp-dev-compute-sa@durable-destiny-465315-u0.iam.gserviceaccount.com",
            "name": "projects/durable-destiny-465315-u0/serviceAccounts/terraform-gcp-dev-compute-sa@durable-destiny-465315-u0.iam.gserviceaccount.com",
            "project": "durable-destiny-465315-u0",
            "timeouts": null,
            "unique_id": "105977514335507826991"
          },
          "sensitive_attributes": [],
          "identity_schema_version": 0,
          "private": "eyJlMmJmYjczMC1lY2FhLTExZTYtOGY4OC0zNDM2M2JjN2M0YzAiOnsiY3JlYXRlIjozMDAwMDAwMDAwMDB9fQ==",
          "dependencies": [
            "module.networking.google_compute_address.nat_ips",
            "module.networking.google_compute_network.vpc",
            "module.networking.google_compute_router.router",
            "module.networking.google_compute_router_nat.nat",
            "module.networking.google_compute_subnetwork.subnets",
            "module.networking.google_project_service.compute"
          ],
          "create_before_destroy": true
        }
      ]
    },
    {
      "module": "module.networking",
      "mode": "managed",
      "type": "google_compute_network",
      "name": "vpc",
      "provider": "provider[\"registry.terraform.io/hashicorp/google\"]",
      "instances": [
        {
          "schema_version": 0,
          "attributes": {
            "auto_create_subnetworks": false,
            "delete_default_routes_on_create": false,
            "description": "VPC network for dev environment",
            "enable_ula_internal_ipv6": false,
            "gateway_ipv4": "",
            "id": "projects/durable-destiny-465315-u0/global/networks/terraform-gcp-dev-vpc",
            "internal_ipv6_range": "",
            "mtu": 0,
            "name": "terraform-gcp-dev-vpc",
            "network_firewall_policy_enforcement_order": "AFTER_CLASSIC_FIREWALL",
            "project": "durable-destiny-465315-u0",
            "routing_mode": "REGIONAL",
            "self_link": "https://www.googleapis.com/compute/v1/projects/durable-destiny-465315-u0/global/networks/terraform-gcp-dev-vpc",
            "timeouts": null
          },
          "sensitive_attributes": [],
          "identity_schema_version": 0,
          "private": "eyJlMmJmYjczMC1lY2FhLTExZTYtOGY4OC0zNDM2M2JjN2M0YzAiOnsiY3JlYXRlIjoxMjAwMDAwMDAwMDAwLCJkZWxldGUiOjEyMDAwMDAwMDAwMDAsInVwZGF0ZSI6MTIwMDAwMDAwMDAwMH19",
          "dependencies": [
            "module.networking.google_project_service.compute"
          ],
          "create_before_destroy": true
        }
      ]
    },
    {
      "module": "module.networking",
      "mode": "managed",
      "type": "google_compute_router",
      "name": "router",
      "provider": "provider[\"registry.terraform.io/hashicorp/google\"]",
      "instances": [
        {
          "index_key": 0,
          "schema_version": 0,
          "attributes": {
            "bgp": [],
            "creation_timestamp": "2025-07-20T23:35:40.288-07:00",
            "description": "",
            "encrypted_interconnect_router": false,
            "id": "projects/durable-destiny-465315-u0/regions/us-central1/routers/terraform-gcp-dev-router",
            "name": "terraform-gcp-dev-router",
            "network": "https://www.googleapis.com/compute/v1/projects/durable-destiny-465315-u0/global/networks/terraform-gcp-dev-vpc",
            "project": "durable-destiny-465315-u0",
            "region": "us-central1",
            "self_link": "https://www.googleapis.com/compute/v1/projects/durable-destiny-465315-u0/regions/us-central1/routers/terraform-gcp-dev-router",
            "timeouts": null
          },
          "sensitive_attributes": [],
          "identity_schema_version": 0,
          "private": "eyJlMmJmYjczMC1lY2FhLTExZTYtOGY4OC0zNDM2M2JjN2M0YzAiOnsiY3JlYXRlIjoxMjAwMDAwMDAwMDAwLCJkZWxldGUiOjEyMDAwMDAwMDAwMDAsInVwZGF0ZSI6MTIwMDAwMDAwMDAwMH19",
          "dependencies": [
            "module.networking.google_compute_network.vpc",
            "module.networking.google_project_service.compute"
          ],
          "create_before_destroy": true
        }
      ]
    },
    {
      "module": "module.networking",
      "mode": "managed",
      "type": "google_compute_router_nat",
      "name": "nat",
      "provider": "provider[\"registry.terraform.io/hashicorp/google\"]",
      "instances": [
        {
          "index_key": 0,
          "schema_version": 0,
          "attributes": {
            "drain_nat_ips": [],
            "enable_dynamic_port_allocation": false,
            "enable_endpoint_independent_mapping": true,
            "icmp_idle_timeout_sec": 30,
            "id": "durable-destiny-465315-u0/us-central1/terraform-gcp-dev-router/terraform-gcp-dev-nat",
            "log_config": [
              {
                "enable": false,
                "filter": "ERRORS_ONLY"
              }
            ],
            "max_ports_per_vm": 0,
            "min_ports_per_vm": 0,
            "name": "terraform-gcp-dev-nat",
            "nat_ip_allocate_option": "AUTO_ONLY",
            "nat_ips": [],
            "project": "durable-destiny-465315-u0",
            "region": "us-central1",
            "router": "terraform-gcp-dev-router",
            "rules": [],
            "source_subnetwork_ip_ranges_to_nat": "ALL_SUBNETWORKS_ALL_IP_RANGES",
            "subnetwork": [],
            "tcp_established_idle_timeout_sec": 1200,
            "tcp_time_wait_timeout_sec": 120,
            "tcp_transitory_idle_timeout_sec": 30,
            "timeouts": null,
            "udp_idle_timeout_sec": 30
          },
          "sensitive_attributes": [],
          "identity_schema_version": 0,
          "private": "eyJlMmJmYjczMC1lY2FhLTExZTYtOGY4OC0zNDM2M2JjN2M0YzAiOnsiY3JlYXRlIjoxMjAwMDAwMDAwMDAwLCJkZWxldGUiOjEyMDAwMDAwMDAwMDAsInVwZGF0ZSI6MTIwMDAwMDAwMDAwMH19",
          "dependencies": [
            "module.networking.google_compute_network.vpc",
            "module.networking.google_compute_router.router",
            "module.networking.google_project_service.compute"
          ],
          "create_before_destroy": true
        }
      ]
    },
    {
      "module": "module.networking",
      "mode": "managed",
      "type": "google_compute_subnetwork",
      "name": "subnets",
      "provider": "provider[\"registry.terraform.io/hashicorp/google\"]",
      "instances": [
        {
          "index_key": 0,
          "schema_version": 0,
          "attributes": {
            "creation_timestamp": "2025-07-20T23:35:41.037-07:00",
            "description": "",
            "external_ipv6_prefix": "",
            "fingerprint": null,
            "gateway_address": "10.0.1.1",
            "id": "projects/durable-destiny-465315-u0/regions/us-central1/subnetworks/terraform-gcp-dev-subnet-main",
            "internal_ipv6_prefix": "",
            "ip_cidr_range": "10.0.1.0/24",
            "ipv6_access_type": "",
            "ipv6_cidr_range": "",
            "log_config": [],
            "name": "terraform-gcp-dev-subnet-main",
            "network": "https://www.googleapis.com/compute/v1/projects/durable-destiny-465315-u0/global/networks/terraform-gcp-dev-vpc",
            "private_ip_google_access": true,
            "private_ipv6_google_access": "DISABLE_GOOGLE_ACCESS",
            "project": "durable-destiny-465315-u0",
            "purpose": "PRIVATE",
            "region": "us-central1",
            "role": "",
            "secondary_ip_range": [
              {
                "ip_cidr_range": "10.1.0.0/16",
                "range_name": "pods"
              },
              {
                "ip_cidr_range": "10.2.0.0/16",
                "range_name": "services"
              }
            ],
            "self_link": "https://www.googleapis.com/compute/v1/projects/durable-destiny-465315-u0/regions/us-central1/subnetworks/terraform-gcp-dev-subnet-main",
            "stack_type": "IPV4_ONLY",
            "timeouts": null
          },
          "sensitive_attributes": [],
          "identity_schema_version": 0,
          "private": "eyJlMmJmYjczMC1lY2FhLTExZTYtOGY4OC0zNDM2M2JjN2M0YzAiOnsiY3JlYXRlIjoxMjAwMDAwMDAwMDAwLCJkZWxldGUiOjEyMDAwMDAwMDAwMDAsInVwZGF0ZSI6MTIwMDAwMDAwMDAwMH19",
          "dependencies": [
            "module.networking.google_compute_network.vpc",
            "module.networking.google_project_service.compute"
          ],
          "create_before_destroy": true
        }
      ]
    },
    {
      "module": "module.networking",
      "mode": "managed",
      "type": "google_project_service",
      "name": "compute",
      "provider": "provider[\"registry.terraform.io/hashicorp/google\"]",
      "instances": [
        {
          "schema_version": 0,
          "attributes": {
            "disable_dependent_services": true,
            "disable_on_destroy": false,
            "id": "durable-destiny-465315-u0/compute.googleapis.com",
            "project": "durable-destiny-465315-u0",
            "service": "compute.googleapis.com",
            "timeouts": null
          },
          "sensitive_attributes": [],
          "identity_schema_version": 0,
          "private": "eyJlMmJmYjczMC1lY2FhLTExZTYtOGY4OC0zNDM2M2JjN2M0YzAiOnsiY3JlYXRlIjoxMjAwMDAwMDAwMDAwLCJkZWxldGUiOjEyMDAwMDAwMDAwMDAsInJlYWQiOjYwMDAwMDAwMDAwMCwidXBkYXRlIjoxMjAwMDAwMDAwMDAwfX0=",
          "create_before_destroy": true
        }
      ]
    },
    {
      "module": "module.security",
      "mode": "managed",
      "type": "google_secret_manager_secret",
      "name": "my_secret",
      "provider": "provider[\"registry.terraform.io/hashicorp/google\"]",
      "instances": [
        {
          "schema_version": 0,
          "attributes": {
            "annotations": {},
            "create_time": "2025-07-21T06:35:13.526166Z",
            "expire_time": "",
            "id": "projects/durable-destiny-465315-u0/secrets/db-password",
            "labels": {},
            "name": "projects/734287723802/secrets/db-password",
            "project": "durable-destiny-465315-u0",
            "replication": [
              {
                "auto": [
                  {
                    "customer_managed_encryption": []
                  }
                ],
                "automatic": false,
                "user_managed": []
              }
            ],
            "rotation": [],
            "secret_id": "db-password",
            "timeouts": null,
            "topics": [],
            "ttl": null,
            "version_aliases": {}
          },
          "sensitive_attributes": [],
          "identity_schema_version": 0,
          "private": "eyJlMmJmYjczMC1lY2FhLTExZTYtOGY4OC0zNDM2M2JjN2M0YzAiOnsiY3JlYXRlIjoxMjAwMDAwMDAwMDAwLCJkZWxldGUiOjEyMDAwMDAwMDAwMDAsInVwZGF0ZSI6MTIwMDAwMDAwMDAwMH19"
        }
      ]
    },
    {
      "module": "module.security",
      "mode": "managed",
      "type": "google_secret_manager_secret_iam_member",
      "name": "secret_access",
      "provider": "provider[\"registry.terraform.io/hashicorp/google\"]",
      "instances": [
        {
          "schema_version": 0,
          "attributes": {
            "condition": [],
            "etag": "BwY6asU3Ths=",
            "id": "projects/durable-destiny-465315-u0/secrets/db-password/roles/secretmanager.secretAccessor/serviceAccount:terraform-gcp-dev-compute-sa@durable-destiny-465315-u0.iam.gserviceaccount.com",
            "member": "serviceAccount:terraform-gcp-dev-compute-sa@durable-destiny-465315-u0.iam.gserviceaccount.com",
            "project": "durable-destiny-465315-u0",
            "role": "roles/secretmanager.secretAccessor",
            "secret_id": "projects/durable-destiny-465315-u0/secrets/db-password"
          },
          "sensitive_attributes": [],
          "identity_schema_version": 0,
          "private": "bnVsbA==",
          "dependencies": [
            "module.security.google_secret_manager_secret.my_secret"
          ]
        }
      ]
    },
    {
      "module": "module.security",
      "mode": "managed",
      "type": "google_secret_manager_secret_version",
      "name": "my_secret_version",
      "provider": "provider[\"registry.terraform.io/hashicorp/google\"]",
      "instances": [
        {
          "schema_version": 0,
          "attributes": {
            "create_time": "2025-07-21T06:35:16.105172Z",
            "deletion_policy": "DELETE",
            "destroy_time": "",
            "enabled": true,
            "id": "projects/734287723802/secrets/db-password/versions/1",
            "is_secret_data_base64": false,
            "name": "projects/734287723802/secrets/db-password/versions/1",
            "secret": "projects/durable-destiny-465315-u0/secrets/db-password",
            "secret_data": "SuperSecret123!",
            "timeouts": null,
            "version": "1"
          },
          "sensitive_attributes": [
            [
              {
                "type": "get_attr",
                "value": "secret_data"
              }
            ]
          ],
          "identity_schema_version": 0,
          "private": "eyJlMmJmYjczMC1lY2FhLTExZTYtOGY4OC0zNDM2M2JjN2M0YzAiOnsiY3JlYXRlIjoxMjAwMDAwMDAwMDAwLCJkZWxldGUiOjEyMDAwMDAwMDAwMDB9fQ==",
          "dependencies": [
            "module.security.google_secret_manager_secret.my_secret"
          ]
        }
      ]
    }
  ],
  "check_results": [
    {
      "object_kind": "var",
      "config_addr": "module.networking.var.nat_ip_allocate_option",
      "status": "pass",
      "objects": [
        {
          "object_addr": "module.networking.var.nat_ip_allocate_option",
          "status": "pass"
        }
      ]
    },
    {
      "object_kind": "var",
      "config_addr": "var.environment",
      "status": "pass",
      "objects": [
        {
          "object_addr": "var.environment",
          "status": "pass"
        }
      ]
    },
    {
      "object_kind": "var",
      "config_addr": "var.mig_cpu_target",
      "status": "pass",
      "objects": [
        {
          "object_addr": "var.mig_cpu_target",
          "status": "pass"
        }
      ]
    },
    {
      "object_kind": "var",
      "config_addr": "module.networking.var.routing_mode",
      "status": "pass",
      "objects": [
        {
          "object_addr": "module.networking.var.routing_mode",
          "status": "pass"
        }
      ]
    }
  ]
}
